
Microsoft Visual Studio Solution File, Format Version 12.00
# Visual Studio Version 17
VisualStudioVersion = 17.5.002.0
MinimumVisualStudioVersion = 10.0.40219.1
Project("{9A19103F-16F7-4668-BE54-9A1E7A4F7556}") = "gb_task", "gb_task.csproj", "{98A91BEE-C0DC-445E-AE06-C134DAFAFAAE}"
EndProject
Global
	GlobalSection(SolutionConfigurationPlatforms) = preSolution
		Debug|Any CPU = Debug|Any CPU
		Release|Any CPU = Release|Any CPU
	EndGlobalSection
	GlobalSection(ProjectConfigurationPlatforms) = postSolution
		{98A91BEE-C0DC-445E-AE06-C134DAFAFAAE}.Debug|Any CPU.ActiveCfg = Debug|Any CPU
		{98A91BEE-C0DC-445E-AE06-C134DAFAFAAE}.Debug|Any CPU.Build.0 = Debug|Any CPU
		{98A91BEE-C0DC-445E-AE06-C134DAFAFAAE}.Release|Any CPU.ActiveCfg = Release|Any CPU
		{98A91BEE-C0DC-445E-AE06-C134DAFAFAAE}.Release|Any CPU.Build.0 = Release|Any CPU
	EndGlobalSection
	GlobalSection(SolutionProperties) = preSolution
		HideSolutionNode = FALSE
	EndGlobalSection
	GlobalSection(ExtensibilityGlobals) = postSolution
		SolutionGuid = {F21BC443-033A-4C45-AD88-BEFB02140A94}
	EndGlobalSection
EndGlobal
